
Microsoft Visual Studio Solution File, Format Version 12.00
# Visual Studio Version 17
VisualStudioVersion = 17.4.33110.190
MinimumVisualStudioVersion = 10.0.40219.1
Project("{FAE04EC0-301F-11D3-BF4B-00C04F79EFBC}") = "Thabang'spolymorphism", "Thabang'spolymorphism.csproj", "{A465B828-829E-4DFC-921A-CBB6BEA3EC84}"
EndProject
Global
	GlobalSection(SolutionConfigurationPlatforms) = preSolution
		Debug|Any CPU = Debug|Any CPU
		Release|Any CPU = Release|Any CPU
	EndGlobalSection
	GlobalSection(ProjectConfigurationPlatforms) = postSolution
		{A465B828-829E-4DFC-921A-CBB6BEA3EC84}.Debug|Any CPU.ActiveCfg = Debug|Any CPU
		{A465B828-829E-4DFC-921A-CBB6BEA3EC84}.Debug|Any CPU.Build.0 = Debug|Any CPU
		{A465B828-829E-4DFC-921A-CBB6BEA3EC84}.Release|Any CPU.ActiveCfg = Release|Any CPU
		{A465B828-829E-4DFC-921A-CBB6BEA3EC84}.Release|Any CPU.Build.0 = Release|Any CPU
	EndGlobalSection
	GlobalSection(SolutionProperties) = preSolution
		HideSolutionNode = FALSE
	EndGlobalSection
	GlobalSection(ExtensibilityGlobals) = postSolution
		SolutionGuid = {64018E1C-B404-4A9C-BF67-594E3B5FE4B3}
	EndGlobalSection
EndGlobal
